
Microsoft Visual Studio Solution File, Format Version 12.00
# Visual Studio Version 17
VisualStudioVersion = 17.3.32922.545
MinimumVisualStudioVersion = 10.0.40219.1
Project("{FAE04EC0-301F-11D3-BF4B-00C04F79EFBC}") = "CalculadoraXamarin.Android", "CalculadoraXamarin.Android\CalculadoraXamarin.Android.csproj", "{E118A96E-040B-4409-A37D-5A9C398CE490}"
EndProject
Project("{FAE04EC0-301F-11D3-BF4B-00C04F79EFBC}") = "CalculadoraXamarin", "CalculadoraXamarin\CalculadoraXamarin.csproj", "{667F8B91-17D8-45FC-97FB-94D5258D4C5F}"
EndProject
Global
	GlobalSection(SolutionConfigurationPlatforms) = preSolution
		Debug|Any CPU = Debug|Any CPU
		Release|Any CPU = Release|Any CPU
	EndGlobalSection
	GlobalSection(ProjectConfigurationPlatforms) = postSolution
		{E118A96E-040B-4409-A37D-5A9C398CE490}.Debug|Any CPU.ActiveCfg = Debug|Any CPU
		{E118A96E-040B-4409-A37D-5A9C398CE490}.Debug|Any CPU.Build.0 = Debug|Any CPU
		{E118A96E-040B-4409-A37D-5A9C398CE490}.Debug|Any CPU.Deploy.0 = Debug|Any CPU
		{E118A96E-040B-4409-A37D-5A9C398CE490}.Release|Any CPU.ActiveCfg = Release|Any CPU
		{E118A96E-040B-4409-A37D-5A9C398CE490}.Release|Any CPU.Build.0 = Release|Any CPU
		{E118A96E-040B-4409-A37D-5A9C398CE490}.Release|Any CPU.Deploy.0 = Release|Any CPU
		{667F8B91-17D8-45FC-97FB-94D5258D4C5F}.Debug|Any CPU.ActiveCfg = Debug|Any CPU
		{667F8B91-17D8-45FC-97FB-94D5258D4C5F}.Debug|Any CPU.Build.0 = Debug|Any CPU
		{667F8B91-17D8-45FC-97FB-94D5258D4C5F}.Debug|Any CPU.Deploy.0 = Debug|Any CPU
		{667F8B91-17D8-45FC-97FB-94D5258D4C5F}.Release|Any CPU.ActiveCfg = Release|Any CPU
		{667F8B91-17D8-45FC-97FB-94D5258D4C5F}.Release|Any CPU.Build.0 = Release|Any CPU
		{667F8B91-17D8-45FC-97FB-94D5258D4C5F}.Release|Any CPU.Deploy.0 = Release|Any CPU
	EndGlobalSection
	GlobalSection(SolutionProperties) = preSolution
		HideSolutionNode = FALSE
	EndGlobalSection
	GlobalSection(ExtensibilityGlobals) = postSolution
		SolutionGuid = {0F012BAF-F299-4E87-9B2A-5C63584E9377}
	EndGlobalSection
EndGlobal
